
Microsoft Visual Studio Solution File, Format Version 12.00
# Visual Studio 15
VisualStudioVersion = 15.0.28307.779
MinimumVisualStudioVersion = 10.0.40219.1
Project("{FAE04EC0-301F-11D3-BF4B-00C04F79EFBC}") = "Assigments3", "Assigments3\Assigments3.csproj", "{81608C21-216D-411F-9B56-A52ED72E467E}"
EndProject
Global
	GlobalSection(SolutionConfigurationPlatforms) = preSolution
		Debug|Any CPU = Debug|Any CPU
		Release|Any CPU = Release|Any CPU
	EndGlobalSection
	GlobalSection(ProjectConfigurationPlatforms) = postSolution
		{81608C21-216D-411F-9B56-A52ED72E467E}.Debug|Any CPU.ActiveCfg = Debug|Any CPU
		{81608C21-216D-411F-9B56-A52ED72E467E}.Debug|Any CPU.Build.0 = Debug|Any CPU
		{81608C21-216D-411F-9B56-A52ED72E467E}.Release|Any CPU.ActiveCfg = Release|Any CPU
		{81608C21-216D-411F-9B56-A52ED72E467E}.Release|Any CPU.Build.0 = Release|Any CPU
	EndGlobalSection
	GlobalSection(SolutionProperties) = preSolution
		HideSolutionNode = FALSE
	EndGlobalSection
	GlobalSection(ExtensibilityGlobals) = postSolution
		SolutionGuid = {9E745674-4ADF-414E-826D-98299BF5E9A1}
	EndGlobalSection
EndGlobal
